
Microsoft Visual Studio Solution File, Format Version 12.00
# Visual Studio Version 18
VisualStudioVersion = 18.8.12009.203
MinimumVisualStudioVersion = 10.0.40219.1
Project("{9A19103F-16F7-4668-BE54-9A1E7A4F7556}") = "InprovePlan", "InprovePlan\InprovePlan.csproj", "{B90DFF09-034C-44F2-905F-0A1E21375BD0}"
EndProject
Project("{9A19103F-16F7-4668-BE54-9A1E7A4F7556}") = "Instructure", "Instructure\Instructure.csproj", "{C6B7F403-E8AD-40ED-9324-AADA16BFC944}"
EndProject
Project("{9A19103F-16F7-4668-BE54-9A1E7A4F7556}") = "InprovePlan.Domain", "InprovePlan.Domain\InprovePlan.Domain.csproj", "{0ACB3AD1-68C8-4843-A5BB-0810359C1BB5}"
EndProject
Project("{9A19103F-16F7-4668-BE54-9A1E7A4F7556}") = "InprovePlan.ShareKernel", "InprovePlan.ShareKernel\InprovePlan.ShareKernel.csproj", "{2EE019BE-6AF9-47AA-BCEA-2212BF62BC1D}"
EndProject
Project("{9A19103F-16F7-4668-BE54-9A1E7A4F7556}") = "InprovePlan.UserCase", "InprovePlan.UserCase\InprovePlan.UserCase.csproj", "{2FF147E9-D4B5-4449-BB6F-F07FDE23CCD5}"
EndProject
Project("{2150E333-8FDC-42A3-9474-1A3956D46DE8}") = "Test", "Test", "{EFC270E5-2723-4672-AAAE-1368EDC03727}"
EndProject
Project("{FAE04EC0-301F-11D3-BF4B-00C04F79EFBC}") = "InprovePlan.UnitTests", "InprovePlan.UnitTests\InprovePlan.UnitTests.csproj", "{C5E7EBF2-A69B-4486-8FDA-4CD526BCDB00}"
EndProject
Project("{FAE04EC0-301F-11D3-BF4B-00C04F79EFBC}") = "InprovePlan.IntegrationTests", "InprovePlan.IntegrationTests\InprovePlan.IntegrationTests.csproj", "{7ABF20AC-0494-4D08-904E-6B0E626D5343}"
EndProject
Project("{FAE04EC0-301F-11D3-BF4B-00C04F79EFBC}") = "InprovePlan.ApiTests", "InprovePlan.ApiTests\InprovePlan.ApiTests.csproj", "{0C51FBB2-18E6-4D36-8123-468ED9E13909}"
EndProject
Global
	GlobalSection(SolutionConfigurationPlatforms) = preSolution
		Debug|Any CPU = Debug|Any CPU
		Release|Any CPU = Release|Any CPU
	EndGlobalSection
	GlobalSection(ProjectConfigurationPlatforms) = postSolution
		{B90DFF09-034C-44F2-905F-0A1E21375BD0}.Debug|Any CPU.ActiveCfg = Debug|Any CPU
		{B90DFF09-034C-44F2-905F-0A1E21375BD0}.Debug|Any CPU.Build.0 = Debug|Any CPU
		{B90DFF09-034C-44F2-905F-0A1E21375BD0}.Release|Any CPU.ActiveCfg = Release|Any CPU
		{B90DFF09-034C-44F2-905F-0A1E21375BD0}.Release|Any CPU.Build.0 = Release|Any CPU
		{C6B7F403-E8AD-40ED-9324-AADA16BFC944}.Debug|Any CPU.ActiveCfg = Debug|Any CPU
		{C6B7F403-E8AD-40ED-9324-AADA16BFC944}.Debug|Any CPU.Build.0 = Debug|Any CPU
		{C6B7F403-E8AD-40ED-9324-AADA16BFC944}.Release|Any CPU.ActiveCfg = Release|Any CPU
		{C6B7F403-E8AD-40ED-9324-AADA16BFC944}.Release|Any CPU.Build.0 = Release|Any CPU
		{0ACB3AD1-68C8-4843-A5BB-0810359C1BB5}.Debug|Any CPU.ActiveCfg = Debug|Any CPU
		{0ACB3AD1-68C8-4843-A5BB-0810359C1BB5}.Debug|Any CPU.Build.0 = Debug|Any CPU
		{0ACB3AD1-68C8-4843-A5BB-0810359C1BB5}.Release|Any CPU.ActiveCfg = Release|Any CPU
		{0ACB3AD1-68C8-4843-A5BB-0810359C1BB5}.Release|Any CPU.Build.0 = Release|Any CPU
		{2EE019BE-6AF9-47AA-BCEA-2212BF62BC1D}.Debug|Any CPU.ActiveCfg = Debug|Any CPU
		{2EE019BE-6AF9-47AA-BCEA-2212BF62BC1D}.Debug|Any CPU.Build.0 = Debug|Any CPU
		{2EE019BE-6AF9-47AA-BCEA-2212BF62BC1D}.Release|Any CPU.ActiveCfg = Release|Any CPU
		{2EE019BE-6AF9-47AA-BCEA-2212BF62BC1D}.Release|Any CPU.Build.0 = Release|Any CPU
		{2FF147E9-D4B5-4449-BB6F-F07FDE23CCD5}.Debug|Any CPU.ActiveCfg = Debug|Any CPU
		{2FF147E9-D4B5-4449-BB6F-F07FDE23CCD5}.Debug|Any CPU.Build.0 = Debug|Any CPU
		{2FF147E9-D4B5-4449-BB6F-F07FDE23CCD5}.Release|Any CPU.ActiveCfg = Release|Any CPU
		{2FF147E9-D4B5-4449-BB6F-F07FDE23CCD5}.Release|Any CPU.Build.0 = Release|Any CPU
		{C5E7EBF2-A69B-4486-8FDA-4CD526BCDB00}.Debug|Any CPU.ActiveCfg = Debug|Any CPU
		{C5E7EBF2-A69B-4486-8FDA-4CD526BCDB00}.Debug|Any CPU.Build.0 = Debug|Any CPU
		{C5E7EBF2-A69B-4486-8FDA-4CD526BCDB00}.Release|Any CPU.ActiveCfg = Release|Any CPU
		{C5E7EBF2-A69B-4486-8FDA-4CD526BCDB00}.Release|Any CPU.Build.0 = Release|Any CPU
		{7ABF20AC-0494-4D08-904E-6B0E626D5343}.Debug|Any CPU.ActiveCfg = Debug|Any CPU
		{7ABF20AC-0494-4D08-904E-6B0E626D5343}.Debug|Any CPU.Build.0 = Debug|Any CPU
		{7ABF20AC-0494-4D08-904E-6B0E626D5343}.Release|Any CPU.ActiveCfg = Release|Any CPU
		{7ABF20AC-0494-4D08-904E-6B0E626D5343}.Release|Any CPU.Build.0 = Release|Any CPU
		{0C51FBB2-18E6-4D36-8123-468ED9E13909}.Debug|Any CPU.ActiveCfg = Debug|Any CPU
		{0C51FBB2-18E6-4D36-8123-468ED9E13909}.Debug|Any CPU.Build.0 = Debug|Any CPU
		{0C51FBB2-18E6-4D36-8123-468ED9E13909}.Release|Any CPU.ActiveCfg = Release|Any CPU
		{0C51FBB2-18E6-4D36-8123-468ED9E13909}.Release|Any CPU.Build.0 = Release|Any CPU
	EndGlobalSection
	GlobalSection(SolutionProperties) = preSolution
		HideSolutionNode = FALSE
	EndGlobalSection
	GlobalSection(NestedProjects) = preSolution
		{C5E7EBF2-A69B-4486-8FDA-4CD526BCDB00} = {EFC270E5-2723-4672-AAAE-1368EDC03727}
		{7ABF20AC-0494-4D08-904E-6B0E626D5343} = {EFC270E5-2723-4672-AAAE-1368EDC03727}
		{0C51FBB2-18E6-4D36-8123-468ED9E13909} = {EFC270E5-2723-4672-AAAE-1368EDC03727}
	EndGlobalSection
	GlobalSection(ExtensibilityGlobals) = postSolution
		SolutionGuid = {CBA3524A-4B1A-47BB-899D-14487F17C8FF}
	EndGlobalSection
EndGlobal
